// !$*UTF8*$!
{
	archiveVersion = 1;
	classes = {
	};
	objectVersion = 50;
	objects = {

/* Begin PBXBuildFile section */
		2BF6C755237EC06F005000C5 /* AppDelegate.swift in Sources */ = {isa = PBXBuildFile; fileRef = 2BF6C754237EC06F005000C5 /* AppDelegate.swift */; };
		2BF6C757237EC06F005000C5 /* SceneDelegate.swift in Sources */ = {isa = PBXBuildFile; fileRef = 2BF6C756237EC06F005000C5 /* SceneDelegate.swift */; };
		2BF6C759237EC06F005000C5 /* ViewController.swift in Sources */ = {isa = PBXBuildFile; fileRef = 2BF6C758237EC06F005000C5 /* ViewController.swift */; };
		2BF6C75C237EC06F005000C5 /* Main.storyboard in Resources */ = {isa = PBXBuildFile; fileRef = 2BF6C75A237EC06F005000C5 /* Main.storyboard */; };
		2BF6C75E237EC070005000C5 /* Assets.xcassets in Resources */ = {isa = PBXBuildFile; fileRef = 2BF6C75D237EC070005000C5 /* Assets.xcassets */; };
		2BF6C761237EC070005000C5 /* LaunchScreen.storyboard in Resources */ = {isa = PBXBuildFile; fileRef = 2BF6C75F237EC070005000C5 /* LaunchScreen.storyboard */; };
		2BF6C76C237EC070005000C5 /* __Minute_TimerTests.swift in Sources */ = {isa = PBXBuildFile; fileRef = 2BF6C76B237EC070005000C5 /* __Minute_TimerTests.swift */; };
		2BF6C777237EC070005000C5 /* __Minute_TimerUITests.swift in Sources */ = {isa = PBXBuildFile; fileRef = 2BF6C776237EC070005000C5 /* __Minute_TimerUITests.swift */; };
/* End PBXBuildFile section */

/* Begin PBXContainerItemProxy section */
		2BF6C768237EC070005000C5 /* PBXContainerItemProxy */ = {
			isa = PBXContainerItemProxy;
			containerPortal = 2BF6C749237EC06E005000C5 /* Project object */;
			proxyType = 1;
			remoteGlobalIDString = 2BF6C750237EC06F005000C5;
			remoteInfo = "5 Minute Timer";
		};
		2BF6C773237EC070005000C5 /* PBXContainerItemProxy */ = {
			isa = PBXContainerItemProxy;
			containerPortal = 2BF6C749237EC06E005000C5 /* Project object */;
			proxyType = 1;
			remoteGlobalIDString = 2BF6C750237EC06F005000C5;
			remoteInfo = "5 Minute Timer";
		};
/* End PBXContainerItemProxy section */

/* Begin PBXFileReference section */
		2BF6C751237EC06F005000C5 /* 5 Minute Timer.app */ = {isa = PBXFileReference; explicitFileType = wrapper.application; includeInIndex = 0; path = "5 Minute Timer.app"; sourceTree = BUILT_PRODUCTS_DIR; };
		2BF6C754237EC06F005000C5 /* AppDelegate.swift */ = {isa = PBXFileReference; lastKnownFileType = sourcecode.swift; path = AppDelegate.swift; sourceTree = "<group>"; };
		2BF6C756237EC06F005000C5 /* SceneDelegate.swift */ = {isa = PBXFileReference; lastKnownFileType = sourcecode.swift; path = SceneDelegate.swift; sourceTree = "<group>"; };
		2BF6C758237EC06F005000C5 /* ViewController.swift */ = {isa = PBXFileReference; lastKnownFileType = sourcecode.swift; path = ViewController.swift; sourceTree = "<group>"; };
		2BF6C75B237EC06F005000C5 /* Base */ = {isa = PBXFileReference; lastKnownFileType = file.storyboard; name = Base; path = Base.lproj/Main.storyboard; sourceTree = "<group>"; };
		2BF6C75D237EC070005000C5 /* Assets.xcassets */ = {isa = PBXFileReference; lastKnownFileType = folder.assetcatalog; path = Assets.xcassets; sourceTree = "<group>"; };
		2BF6C760237EC070005000C5 /* Base */ = {isa = PBXFileReference; lastKnownFileType = file.storyboard; name = Base; path = Base.lproj/LaunchScreen.storyboard; sourceTree = "<group>"; };
		2BF6C762237EC070005000C5 /* Info.plist */ = {isa = PBXFileReference; lastKnownFileType = text.plist.xml; path = Info.plist; sourceTree = "<group>"; };
		2BF6C767237EC070005000C5 /* 5 Minute TimerTests.xctest */ = {isa = PBXFileReference; explicitFileType = wrapper.cfbundle; includeInIndex = 0; path = "5 Minute TimerTests.xctest"; sourceTree = BUILT_PRODUCTS_DIR; };
		2BF6C76B237EC070005000C5 /* __Minute_TimerTests.swift */ = {isa = PBXFileReference; lastKnownFileType = sourcecode.swift; path = __Minute_TimerTests.swift; sourceTree = "<group>"; };
		2BF6C76D237EC070005000C5 /* Info.plist */ = {isa = PBXFileReference; lastKnownFileType = text.plist.xml; path = Info.plist; sourceTree = "<group>"; };
		2BF6C772237EC070005000C5 /* 5 Minute TimerUITests.xctest */ = {isa = PBXFileReference; explicitFileType = wrapper.cfbundle; includeInIndex = 0; path = "5 Minute TimerUITests.xctest"; sourceTree = BUILT_PRODUCTS_DIR; };
		2BF6C776237EC070005000C5 /* __Minute_TimerUITests.swift */ = {isa = PBXFileReference; lastKnownFileType = sourcecode.swift; path = __Minute_TimerUITests.swift; sourceTree = "<group>"; };
		2BF6C778237EC070005000C5 /* Info.plist */ = {isa = PBXFileReference; lastKnownFileType = text.plist.xml; path = Info.plist; sourceTree = "<group>"; };
/* End PBXFileReference section */

/* Begin PBXFrameworksBuildPhase section */
		2BF6C74E237EC06F005000C5 /* Frameworks */ = {
			isa = PBXFrameworksBuildPhase;
			buildActionMask = 2147483647;
			files = (
			);
			runOnlyForDeploymentPostprocessing = 0;
		};
		2BF6C764237EC070005000C5 /* Frameworks */ = {
			isa = PBXFrameworksBuildPhase;
			buildActionMask = 2147483647;
			files = (
			);
			runOnlyForDeploymentPostprocessing = 0;
		};
		2BF6C76F237EC070005000C5 /* Frameworks */ = {
			isa = PBXFrameworksBuildPhase;
			buildActionMask = 2147483647;
			files = (
			);
			runOnlyForDeploymentPostprocessing = 0;
		};
/* End PBXFrameworksBuildPhase section */

/* Begin PBXGroup section */
		2BF6C748237EC06E005000C5 = {
			isa = PBXGroup;
			children = (
				2BF6C753237EC06F005000C5 /* 5 Minute Timer */,
				2BF6C76A237EC070005000C5 /* 5 Minute TimerTests */,
				2BF6C775237EC070005000C5 /* 5 Minute TimerUITests */,
				2BF6C752237EC06F005000C5 /* Products */,
			);
			sourceTree = "<group>";
		};
		2BF6C752237EC06F005000C5 /* Products */ = {
			isa = PBXGroup;
			children = (
				2BF6C751237EC06F005000C5 /* 5 Minute Timer.app */,
				2BF6C767237EC070005000C5 /* 5 Minute TimerTests.xctest */,
				2BF6C772237EC070005000C5 /* 5 Minute TimerUITests.xctest */,
			);
			name = Products;
			sourceTree = "<group>";
		};
		2BF6C753237EC06F005000C5 /* 5 Minute Timer */ = {
			isa = PBXGroup;
			children = (
				2BF6C754237EC06F005000C5 /* AppDelegate.swift */,
				2BF6C756237EC06F005000C5 /* SceneDelegate.swift */,
				2BF6C758237EC06F005000C5 /* ViewController.swift */,
				2BF6C75A237EC06F005000C5 /* Main.storyboard */,
				2BF6C75D237EC070005000C5 /* Assets.xcassets */,
				2BF6C75F237EC070005000C5 /* LaunchScreen.storyboard */,
				2BF6C762237EC070005000C5 /* Info.plist */,
			);
			path = "5 Minute Timer";
			sourceTree = "<group>";
		};
		2BF6C76A237EC070005000C5 /* 5 Minute TimerTests */ = {
			isa = PBXGroup;
			children = (
				2BF6C76B237EC070005000C5 /* __Minute_TimerTests.swift */,
				2BF6C76D237EC070005000C5 /* Info.plist */,
			);
			path = "5 Minute TimerTests";
			sourceTree = "<group>";
		};
		2BF6C775237EC070005000C5 /* 5 Minute TimerUITests */ = {
			isa = PBXGroup;
			children = (
				2BF6C776237EC070005000C5 /* __Minute_TimerUITests.swift */,
				2BF6C778237EC070005000C5 /* Info.plist */,
			);
			path = "5 Minute TimerUITests";
			sourceTree = "<group>";
		};
/* End PBXGroup section */

/* Begin PBXNativeTarget section */
		2BF6C750237EC06F005000C5 /* 5 Minute Timer */ = {
			isa = PBXNativeTarget;
			buildConfigurationList = 2BF6C77B237EC070005000C5 /* Build configuration list for PBXNativeTarget "5 Minute Timer" */;
			buildPhases = (
				2BF6C74D237EC06F005000C5 /* Sources */,
				2BF6C74E237EC06F005000C5 /* Frameworks */,
				2BF6C74F237EC06F005000C5 /* Resources */,
			);
			buildRules = (
			);
			dependencies = (
			);
			name = "5 Minute Timer";
			productName = "5 Minute Timer";
			productReference = 2BF6C751237EC06F005000C5 /* 5 Minute Timer.app */;
			productType = "com.apple.product-type.application";
		};
		2BF6C766237EC070005000C5 /* 5 Minute TimerTests */ = {
			isa = PBXNativeTarget;
			buildConfigurationList = 2BF6C77E237EC070005000C5 /* Build configuration list for PBXNativeTarget "5 Minute TimerTests" */;
			buildPhases = (
				2BF6C763237EC070005000C5 /* Sources */,
				2BF6C764237EC070005000C5 /* Frameworks */,
				2BF6C765237EC070005000C5 /* Resources */,
			);
			buildRules = (
			);
			dependencies = (
				2BF6C769237EC070005000C5 /* PBXTargetDependency */,
			);
			name = "5 Minute TimerTests";
			productName = "5 Minute TimerTests";
			productReference = 2BF6C767237EC070005000C5 /* 5 Minute TimerTests.xctest */;
			productType = "com.apple.product-type.bundle.unit-test";
		};
		2BF6C771237EC070005000C5 /* 5 Minute TimerUITests */ = {
			isa = PBXNativeTarget;
			buildConfigurationList = 2BF6C781237EC070005000C5 /* Build configuration list for PBXNativeTarget "5 Minute TimerUITests" */;
			buildPhases = (
				2BF6C76E237EC070005000C5 /* Sources */,
				2BF6C76F237EC070005000C5 /* Frameworks */,
				2BF6C770237EC070005000C5 /* Resources */,
			);
			buildRules = (
			);
			dependencies = (
				2BF6C774237EC070005000C5 /* PBXTargetDependency */,
			);
			name = "5 Minute TimerUITests";
			productName = "5 Minute TimerUITests";
			productReference = 2BF6C772237EC070005000C5 /* 5 Minute TimerUITests.xctest */;
			productType = "com.apple.product-type.bundle.ui-testing";
		};
/* End PBXNativeTarget section */

/* Begin PBXProject section */
		2BF6C749237EC06E005000C5 /* Project object */ = {
			isa = PBXProject;
			attributes = {
				LastSwiftUpdateCheck = 1120;
				LastUpgradeCheck = 1120;
				ORGANIZATIONNAME = Bazookas;
				TargetAttributes = {
					2BF6C750237EC06F005000C5 = {
						CreatedOnToolsVersion = 11.2;
					};
					2BF6C766237EC070005000C5 = {
						CreatedOnToolsVersion = 11.2;
						TestTargetID = 2BF6C750237EC06F005000C5;
					};
					2BF6C771237EC070005000C5 = {
						CreatedOnToolsVersion = 11.2;
						TestTargetID = 2BF6C750237EC06F005000C5;
					};
				};
			};
			buildConfigurationList = 2BF6C74C237EC06E005000C5 /* Build configuration list for PBXProject "5 Minute Timer" */;
			compatibilityVersion = "Xcode 9.3";
			developmentRegion = en;
			hasScannedForEncodings = 0;
			knownRegions = (
				en,
				Base,
			);
			mainGroup = 2BF6C748237EC06E005000C5;
			productRefGroup = 2BF6C752237EC06F005000C5 /* Products */;
			projectDirPath = "";
			projectRoot = "";
			targets = (
				2BF6C750237EC06F005000C5 /* 5 Minute Timer */,
				2BF6C766237EC070005000C5 /* 5 Minute TimerTests */,
				2BF6C771237EC070005000C5 /* 5 Minute TimerUITests */,
			);
		};
/* End PBXProject section */

/* Begin PBXResourcesBuildPhase section */
		2BF6C74F237EC06F005000C5 /* Resources */ = {
			isa = PBXResourcesBuildPhase;
			buildActionMask = 2147483647;
			files = (
				2BF6C761237EC070005000C5 /* LaunchScreen.storyboard in Resources */,
				2BF6C75E237EC070005000C5 /* Assets.xcassets in Resources */,
				2BF6C75C237EC06F005000C5 /* Main.storyboard in Resources */,
			);
			runOnlyForDeploymentPostprocessing = 0;
		};
		2BF6C765237EC070005000C5 /* Resources */ = {
			isa = PBXResourcesBuildPhase;
			buildActionMask = 2147483647;
			files = (
			);
			runOnlyForDeploymentPostprocessing = 0;
		};
		2BF6C770237EC070005000C5 /* Resources */ = {
			isa = PBXResourcesBuildPhase;
			buildActionMask = 2147483647;
			files = (
			);
			runOnlyForDeploymentPostprocessing = 0;
		};
/* End PBXResourcesBuildPhase section */

/* Begin PBXSourcesBuildPhase section */
		2BF6C74D237EC06F005000C5 /* Sources */ = {
			isa = PBXSourcesBuildPhase;
			buildActionMask = 2147483647;
			files = (
				2BF6C759237EC06F005000C5 /* ViewController.swift in Sources */,
				2BF6C755237EC06F005000C5 /* AppDelegate.swift in Sources */,
				2BF6C757237EC06F005000C5 /* SceneDelegate.swift in Sources */,
			);
			runOnlyForDeploymentPostprocessing = 0;
		};
		2BF6C763237EC070005000C5 /* Sources */ = {
			isa = PBXSourcesBuildPhase;
			buildActionMask = 2147483647;
			files = (
				2BF6C76C237EC070005000C5 /* __Minute_TimerTests.swift in Sources */,
			);
			runOnlyForDeploymentPostprocessing = 0;
		};
		2BF6C76E237EC070005000C5 /* Sources */ = {
			isa = PBXSourcesBuildPhase;
			buildActionMask = 2147483647;
			files = (
				2BF6C777237EC070005000C5 /* __Minute_TimerUITests.swift in Sources */,
			);
			runOnlyForDeploymentPostprocessing = 0;
		};
/* End PBXSourcesBuildPhase section */

/* Begin PBXTargetDependency section */
		2BF6C769237EC070005000C5 /* PBXTargetDependency */ = {
			isa = PBXTargetDependency;
			target = 2BF6C750237EC06F005000C5 /* 5 Minute Timer */;
			targetProxy = 2BF6C768237EC070005000C5 /* PBXContainerItemProxy */;
		};
		2BF6C774237EC070005000C5 /* PBXTargetDependency */ = {
			isa = PBXTargetDependency;
			target = 2BF6C750237EC06F005000C5 /* 5 Minute Timer */;
			targetProxy = 2BF6C773237EC070005000C5 /* PBXContainerItemProxy */;
		};
/* End PBXTargetDependency section */

/* Begin PBXVariantGroup section */
		2BF6C75A237EC06F005000C5 /* Main.storyboard */ = {
			isa = PBXVariantGroup;
			children = (
				2BF6C75B237EC06F005000C5 /* Base */,
			);
			name = Main.storyboard;
			sourceTree = "<group>";
		};
		2BF6C75F237EC070005000C5 /* LaunchScreen.storyboard */ = {
			isa = PBXVariantGroup;
			children = (
				2BF6C760237EC070005000C5 /* Base */,
			);
			name = LaunchScreen.storyboard;
			sourceTree = "<group>";
		};
/* End PBXVariantGroup section */

/* Begin XCBuildConfiguration section */
		2BF6C779237EC070005000C5 /* Debug */ = {
			isa = XCBuildConfiguration;
			buildSettings = {
				ALWAYS_SEARCH_USER_PATHS = NO;
				CLANG_ANALYZER_NONNULL = YES;
				CLANG_ANALYZER_NUMBER_OBJECT_CONVERSION = YES_AGGRESSIVE;
				CLANG_CXX_LANGUAGE_STANDARD = "gnu++14";
				CLANG_CXX_LIBRARY = "libc++";
				CLANG_ENABLE_MODULES = YES;
				CLANG_ENABLE_OBJC_ARC = YES;
				CLANG_ENABLE_OBJC_WEAK = YES;
				CLANG_WARN_BLOCK_CAPTURE_AUTORELEASING = YES;
				CLANG_WARN_BOOL_CONVERSION = YES;
				CLANG_WARN_COMMA = YES;
				CLANG_WARN_CONSTANT_CONVERSION = YES;
				CLANG_WARN_DEPRECATED_OBJC_IMPLEMENTATIONS = YES;
				CLANG_WARN_DIRECT_OBJC_ISA_USAGE = YES_ERROR;
				CLANG_WARN_DOCUMENTATION_COMMENTS = YES;
				CLANG_WARN_EMPTY_BODY = YES;
				CLANG_WARN_ENUM_CONVERSION = YES;
				CLANG_WARN_INFINITE_RECURSION = YES;
				CLANG_WARN_INT_CONVERSION = YES;
				CLANG_WARN_NON_LITERAL_NULL_CONVERSION = YES;
				CLANG_WARN_OBJC_IMPLICIT_RETAIN_SELF = YES;
				CLANG_WARN_OBJC_LITERAL_CONVERSION = YES;
				CLANG_WARN_OBJC_ROOT_CLASS = YES_ERROR;
				CLANG_WARN_RANGE_LOOP_ANALYSIS = YES;
				CLANG_WARN_STRICT_PROTOTYPES = YES;
				CLANG_WARN_SUSPICIOUS_MOVE = YES;
				CLANG_WARN_UNGUARDED_AVAILABILITY = YES_AGGRESSIVE;
				CLANG_WARN_UNREACHABLE_CODE = YES;
				CLANG_WARN__DUPLICATE_METHOD_MATCH = YES;
				COPY_PHASE_STRIP = NO;
				DEBUG_INFORMATION_FORMAT = dwarf;
				ENABLE_STRICT_OBJC_MSGSEND = YES;
				ENABLE_TESTABILITY = YES;
				GCC_C_LANGUAGE_STANDARD = gnu11;
				GCC_DYNAMIC_NO_PIC = NO;
				GCC_NO_COMMON_BLOCKS = YES;
				GCC_OPTIMIZATION_LEVEL = 0;
				GCC_PREPROCESSOR_DEFINITIONS = (
					"DEBUG=1",
					"$(inherited)",
				);
				GCC_WARN_64_TO_32_BIT_CONVERSION = YES;
				GCC_WARN_ABOUT_RETURN_TYPE = YES_ERROR;
				GCC_WARN_UNDECLARED_SELECTOR = YES;
				GCC_WARN_UNINITIALIZED_AUTOS = YES_AGGRESSIVE;
				GCC_WARN_UNUSED_FUNCTION = YES;
				GCC_WARN_UNUSED_VARIABLE = YES;
				IPHONEOS_DEPLOYMENT_TARGET = 13.2;
				MTL_ENABLE_DEBUG_INFO = INCLUDE_SOURCE;
				MTL_FAST_MATH = YES;
				ONLY_ACTIVE_ARCH = YES;
				SDKROOT = iphoneos;
				SWIFT_ACTIVE_COMPILATION_CONDITIONS = DEBUG;
				SWIFT_OPTIMIZATION_LEVEL = "-Onone";
			};
			name = Debug;
		};
		2BF6C77A237EC070005000C5 /* Release */ = {
			isa = XCBuildConfiguration;
			buildSettings = {
				ALWAYS_SEARCH_USER_PATHS = NO;
				CLANG_ANALYZER_NONNULL = YES;
				CLANG_ANALYZER_NUMBER_OBJECT_CONVERSION = YES_AGGRESSIVE;
				CLANG_CXX_LANGUAGE_STANDARD = "gnu++14";
				CLANG_CXX_LIBRARY = "libc++";
				CLANG_ENABLE_MODULES = YES;
				CLANG_ENABLE_OBJC_ARC = YES;
				CLANG_ENABLE_OBJC_WEAK = YES;
				CLANG_WARN_BLOCK_CAPTURE_AUTORELEASING = YES;
				CLANG_WARN_BOOL_CONVERSION = YES;
				CLANG_WARN_COMMA = YES;
				CLANG_WARN_CONSTANT_CONVERSION = YES;
				CLANG_WARN_DEPRECATED_OBJC_IMPLEMENTATIONS = YES;
				CLANG_WARN_DIRECT_OBJC_ISA_USAGE = YES_ERROR;
				CLANG_WARN_DOCUMENTATION_COMMENTS = YES;
				CLANG_WARN_EMPTY_BODY = YES;
				CLANG_WARN_ENUM_CONVERSION = YES;
				CLANG_WARN_INFINITE_RECURSION = YES;
				CLANG_WARN_INT_CONVERSION = YES;
				CLANG_WARN_NON_LITERAL_NULL_CONVERSION = YES;
				CLANG_WARN_OBJC_IMPLICIT_RETAIN_SELF = YES;
				CLANG_WARN_OBJC_LITERAL_CONVERSION = YES;
				CLANG_WARN_OBJC_ROOT_CLASS = YES_ERROR;
				CLANG_WARN_RANGE_LOOP_ANALYSIS = YES;
				CLANG_WARN_STRICT_PROTOTYPES = YES;
				CLANG_WARN_SUSPICIOUS_MOVE = YES;
				CLANG_WARN_UNGUARDED_AVAILABILITY = YES_AGGRESSIVE;
				CLANG_WARN_UNREACHABLE_CODE = YES;
				CLANG_WARN__DUPLICATE_METHOD_MATCH = YES;
				COPY_PHASE_STRIP = NO;
				DEBUG_INFORMATION_FORMAT = "dwarf-with-dsym";
				ENABLE_NS_ASSERTIONS = NO;
				ENABLE_STRICT_OBJC_MSGSEND = YES;
				GCC_C_LANGUAGE_STANDARD = gnu11;
				GCC_NO_COMMON_BLOCKS = YES;
				GCC_WARN_64_TO_32_BIT_CONVERSION = YES;
				GCC_WARN_ABOUT_RETURN_TYPE = YES_ERROR;
				GCC_WARN_UNDECLARED_SELECTOR = YES;
				GCC_WARN_UNINITIALIZED_AUTOS = YES_AGGRESSIVE;
				GCC_WARN_UNUSED_FUNCTION = YES;
				GCC_WARN_UNUSED_VARIABLE = YES;
				IPHONEOS_DEPLOYMENT_TARGET = 13.2;
				MTL_ENABLE_DEBUG_INFO = NO;
				MTL_FAST_MATH = YES;
				SDKROOT = iphoneos;
				SWIFT_COMPILATION_MODE = wholemodule;
				SWIFT_OPTIMIZATION_LEVEL = "-O";
				VALIDATE_PRODUCT = YES;
			};
			name = Release;
		};
		2BF6C77C237EC070005000C5 /* Debug */ = {
			isa = XCBuildConfiguration;
			buildSettings = {
				ASSETCATALOG_COMPILER_APPICON_NAME = AppIcon;
				CODE_SIGN_STYLE = Automatic;
				DEVELOPMENT_TEAM = BP877E6XHB;
				INFOPLIST_FILE = "5 Minute Timer/Info.plist";
				LD_RUNPATH_SEARCH_PATHS = (
					"$(inherited)",
					"@executable_path/Frameworks",
				);
				PRODUCT_BUNDLE_IDENTIFIER = "be.bazookas.mobile.fiveminutetimer.--Minute-Timer";
				PRODUCT_NAME = "$(TARGET_NAME)";
				SWIFT_VERSION = 5.0;
				TARGETED_DEVICE_FAMILY = "1,2";
			};
			name = Debug;
		};
		2BF6C77D237EC070005000C5 /* Release */ = {
			isa = XCBuildConfiguration;
			buildSettings = {
				ASSETCATALOG_COMPILER_APPICON_NAME = AppIcon;
				CODE_SIGN_STYLE = Automatic;
				DEVELOPMENT_TEAM = BP877E6XHB;
				INFOPLIST_FILE = "5 Minute Timer/Info.plist";
				LD_RUNPATH_SEARCH_PATHS = (
					"$(inherited)",
					"@executable_path/Frameworks",
				);
				PRODUCT_BUNDLE_IDENTIFIER = "be.bazookas.mobile.fiveminutetimer.--Minute-Timer";
				PRODUCT_NAME = "$(TARGET_NAME)";
				SWIFT_VERSION = 5.0;
				TARGETED_DEVICE_FAMILY = "1,2";
			};
			name = Release;
		};
		2BF6C77F237EC070005000C5 /* Debug */ = {
			isa = XCBuildConfiguration;
			buildSettings = {
				ALWAYS_EMBED_SWIFT_STANDARD_LIBRARIES = YES;
				BUNDLE_LOADER = "$(TEST_HOST)";
				CODE_SIGN_STYLE = Automatic;
				DEVELOPMENT_TEAM = BP877E6XHB;
				INFOPLIST_FILE = "5 Minute TimerTests/Info.plist";
				IPHONEOS_DEPLOYMENT_TARGET = 13.2;
				LD_RUNPATH_SEARCH_PATHS = (
					"$(inherited)",
					"@executable_path/Frameworks",
					"@loader_path/Frameworks",
				);
				PRODUCT_BUNDLE_IDENTIFIER = "be.bazookas.mobile.fiveminutetimer.--Minute-TimerTests";
				PRODUCT_NAME = "$(TARGET_NAME)";
				SWIFT_VERSION = 5.0;
				TARGETED_DEVICE_FAMILY = "1,2";
				TEST_HOST = "$(BUILT_PRODUCTS_DIR)/5 Minute Timer.app/5 Minute Timer";
			};
			name = Debug;
		};
		2BF6C780237EC070005000C5 /* Release */ = {
			isa = XCBuildConfiguration;
			buildSettings = {
				ALWAYS_EMBED_SWIFT_STANDARD_LIBRARIES = YES;
				BUNDLE_LOADER = "$(TEST_HOST)";
				CODE_SIGN_STYLE = Automatic;
				DEVELOPMENT_TEAM = BP877E6XHB;
				INFOPLIST_FILE = "5 Minute TimerTests/Info.plist";
				IPHONEOS_DEPLOYMENT_TARGET = 13.2;
				LD_RUNPATH_SEARCH_PATHS = (
					"$(inherited)",
					"@executable_path/Frameworks",
					"@loader_path/Frameworks",
				);
				PRODUCT_BUNDLE_IDENTIFIER = "be.bazookas.mobile.fiveminutetimer.--Minute-TimerTests";
				PRODUCT_NAME = "$(TARGET_NAME)";
				SWIFT_VERSION = 5.0;
				TARGETED_DEVICE_FAMILY = "1,2";
				TEST_HOST = "$(BUILT_PRODUCTS_DIR)/5 Minute Timer.app/5 Minute Timer";
			};
			name = Release;
		};
		2BF6C782237EC070005000C5 /* Debug */ = {
			isa = XCBuildConfiguration;
			buildSettings = {
				ALWAYS_EMBED_SWIFT_STANDARD_LIBRARIES = YES;
				CODE_SIGN_STYLE = Automatic;
				DEVELOPMENT_TEAM = BP877E6XHB;
				INFOPLIST_FILE = "5 Minute TimerUITests/Info.plist";
				LD_RUNPATH_SEARCH_PATHS = (
					"$(inherited)",
					"@executable_path/Frameworks",
					"@loader_path/Frameworks",
				);
				PRODUCT_BUNDLE_IDENTIFIER = "be.bazookas.mobile.fiveminutetimer.--Minute-TimerUITests";
				PRODUCT_NAME = "$(TARGET_NAME)";
				SWIFT_VERSION = 5.0;
				TARGETED_DEVICE_FAMILY = "1,2";
				TEST_TARGET_NAME = "5 Minute Timer";
			};
			name = Debug;
		};
		2BF6C783237EC070005000C5 /* Release */ = {
			isa = XCBuildConfiguration;
			buildSettings = {
				ALWAYS_EMBED_SWIFT_STANDARD_LIBRARIES = YES;
				CODE_SIGN_STYLE = Automatic;
				DEVELOPMENT_TEAM = BP877E6XHB;
				INFOPLIST_FILE = "5 Minute TimerUITests/Info.plist";
				LD_RUNPATH_SEARCH_PATHS = (
					"$(inherited)",
					"@executable_path/Frameworks",
					"@loader_path/Frameworks",
				);
				PRODUCT_BUNDLE_IDENTIFIER = "be.bazookas.mobile.fiveminutetimer.--Minute-TimerUITests";
				PRODUCT_NAME = "$(TARGET_NAME)";
				SWIFT_VERSION = 5.0;
				TARGETED_DEVICE_FAMILY = "1,2";
				TEST_TARGET_NAME = "5 Minute Timer";
			};
			name = Release;
		};
/* End XCBuildConfiguration section */

/* Begin XCConfigurationList section */
		2BF6C74C237EC06E005000C5 /* Build configuration list for PBXProject "5 Minute Timer" */ = {
			isa = XCConfigurationList;
			buildConfigurations = (
				2BF6C779237EC070005000C5 /* Debug */,
				2BF6C77A237EC070005000C5 /* Release */,
			);
			defaultConfigurationIsVisible = 0;
			defaultConfigurationName = Release;
		};
		2BF6C77B237EC070005000C5 /* Build configuration list for PBXNativeTarget "5 Minute Timer" */ = {
			isa = XCConfigurationList;
			buildConfigurations = (
				2BF6C77C237EC070005000C5 /* Debug */,
				2BF6C77D237EC070005000C5 /* Release */,
			);
			defaultConfigurationIsVisible = 0;
			defaultConfigurationName = Release;
		};
		2BF6C77E237EC070005000C5 /* Build configuration list for PBXNativeTarget "5 Minute TimerTests" */ = {
			isa = XCConfigurationList;
			buildConfigurations = (
				2BF6C77F237EC070005000C5 /* Debug */,
				2BF6C780237EC070005000C5 /* Release */,
			);
			defaultConfigurationIsVisible = 0;
			defaultConfigurationName = Release;
		};
		2BF6C781237EC070005000C5 /* Build configuration list for PBXNativeTarget "5 Minute TimerUITests" */ = {
			isa = XCConfigurationList;
			buildConfigurations = (
				2BF6C782237EC070005000C5 /* Debug */,
				2BF6C783237EC070005000C5 /* Release */,
			);
			defaultConfigurationIsVisible = 0;
			defaultConfigurationName = Release;
		};
/* End XCConfigurationList section */
	};
	rootObject = 2BF6C749237EC06E005000C5 /* Project object */;
}
